
Microsoft Visual Studio Solution File, Format Version 12.00
# Visual Studio Version 16
VisualStudioVersion = 16.0.30621.155
MinimumVisualStudioVersion = 10.0.40219.1
Project("{FAE04EC0-301F-11D3-BF4B-00C04F79EFBC}") = "Excel", "Excel\Excel.csproj", "{1C0333F9-55F6-4E39-A247-B811FFFED805}"
EndProject
Global
	GlobalSection(SolutionConfigurationPlatforms) = preSolution
		Debug|Any CPU = Debug|Any CPU
		Release|Any CPU = Release|Any CPU
	EndGlobalSection
	GlobalSection(ProjectConfigurationPlatforms) = postSolution
		{1C0333F9-55F6-4E39-A247-B811FFFED805}.Debug|Any CPU.ActiveCfg = Debug|Any CPU
		{1C0333F9-55F6-4E39-A247-B811FFFED805}.Debug|Any CPU.Build.0 = Debug|Any CPU
		{1C0333F9-55F6-4E39-A247-B811FFFED805}.Release|Any CPU.ActiveCfg = Release|Any CPU
		{1C0333F9-55F6-4E39-A247-B811FFFED805}.Release|Any CPU.Build.0 = Release|Any CPU
	EndGlobalSection
	GlobalSection(SolutionProperties) = preSolution
		HideSolutionNode = FALSE
	EndGlobalSection
	GlobalSection(ExtensibilityGlobals) = postSolution
		SolutionGuid = {AD05E9A0-F47F-4A18-8897-195D2BDB7D5C}
	EndGlobalSection
EndGlobal
